
Microsoft Visual Studio Solution File, Format Version 12.00
# Visual Studio Version 17
VisualStudioVersion = 17.1.32407.343
MinimumVisualStudioVersion = 10.0.40219.1
Project("{FAE04EC0-301F-11D3-BF4B-00C04F79EFBC}") = "Time_TimePeriod", "Time_TimePeriod\Time_TimePeriod.csproj", "{24123378-5FA0-436C-B367-6A8BBA87BBB2}"
EndProject
Project("{FAE04EC0-301F-11D3-BF4B-00C04F79EFBC}") = "TimeTests", "TimeTests\TimeTests.csproj", "{A0B33362-8BDA-43E9-A5B9-46DC12A51DBF}"
EndProject
Project("{FAE04EC0-301F-11D3-BF4B-00C04F79EFBC}") = "TimePeriodTests", "TimePeriodTests\TimePeriodTests.csproj", "{613A412C-2351-4AED-A15F-0D56765583BA}"
EndProject
Project("{FAE04EC0-301F-11D3-BF4B-00C04F79EFBC}") = "ConsoleAppForTesting", "ConsoleAppForTesting\ConsoleAppForTesting.csproj", "{BC43441A-3308-43D7-94D4-08A095B72655}"
EndProject
Project("{FAE04EC0-301F-11D3-BF4B-00C04F79EFBC}") = "StoperWPF", "StoperWPF\StoperWPF.csproj", "{6C281F53-34DC-464A-8785-99F66916A9C7}"
EndProject
Project("{FAE04EC0-301F-11D3-BF4B-00C04F79EFBC}") = "ZegarWPF", "ZegarWPF\ZegarWPF.csproj", "{83736359-C68C-47ED-8E1C-20E5CE062BA7}"
EndProject
Global
	GlobalSection(SolutionConfigurationPlatforms) = preSolution
		Debug|Any CPU = Debug|Any CPU
		Release|Any CPU = Release|Any CPU
	EndGlobalSection
	GlobalSection(ProjectConfigurationPlatforms) = postSolution
		{24123378-5FA0-436C-B367-6A8BBA87BBB2}.Debug|Any CPU.ActiveCfg = Debug|Any CPU
		{24123378-5FA0-436C-B367-6A8BBA87BBB2}.Debug|Any CPU.Build.0 = Debug|Any CPU
		{24123378-5FA0-436C-B367-6A8BBA87BBB2}.Release|Any CPU.ActiveCfg = Release|Any CPU
		{24123378-5FA0-436C-B367-6A8BBA87BBB2}.Release|Any CPU.Build.0 = Release|Any CPU
		{A0B33362-8BDA-43E9-A5B9-46DC12A51DBF}.Debug|Any CPU.ActiveCfg = Debug|Any CPU
		{A0B33362-8BDA-43E9-A5B9-46DC12A51DBF}.Debug|Any CPU.Build.0 = Debug|Any CPU
		{A0B33362-8BDA-43E9-A5B9-46DC12A51DBF}.Release|Any CPU.ActiveCfg = Release|Any CPU
		{A0B33362-8BDA-43E9-A5B9-46DC12A51DBF}.Release|Any CPU.Build.0 = Release|Any CPU
		{613A412C-2351-4AED-A15F-0D56765583BA}.Debug|Any CPU.ActiveCfg = Debug|Any CPU
		{613A412C-2351-4AED-A15F-0D56765583BA}.Debug|Any CPU.Build.0 = Debug|Any CPU
		{613A412C-2351-4AED-A15F-0D56765583BA}.Release|Any CPU.ActiveCfg = Release|Any CPU
		{613A412C-2351-4AED-A15F-0D56765583BA}.Release|Any CPU.Build.0 = Release|Any CPU
		{BC43441A-3308-43D7-94D4-08A095B72655}.Debug|Any CPU.ActiveCfg = Debug|Any CPU
		{BC43441A-3308-43D7-94D4-08A095B72655}.Debug|Any CPU.Build.0 = Debug|Any CPU
		{BC43441A-3308-43D7-94D4-08A095B72655}.Release|Any CPU.ActiveCfg = Release|Any CPU
		{BC43441A-3308-43D7-94D4-08A095B72655}.Release|Any CPU.Build.0 = Release|Any CPU
		{6C281F53-34DC-464A-8785-99F66916A9C7}.Debug|Any CPU.ActiveCfg = Debug|Any CPU
		{6C281F53-34DC-464A-8785-99F66916A9C7}.Debug|Any CPU.Build.0 = Debug|Any CPU
		{6C281F53-34DC-464A-8785-99F66916A9C7}.Release|Any CPU.ActiveCfg = Release|Any CPU
		{6C281F53-34DC-464A-8785-99F66916A9C7}.Release|Any CPU.Build.0 = Release|Any CPU
		{83736359-C68C-47ED-8E1C-20E5CE062BA7}.Debug|Any CPU.ActiveCfg = Debug|Any CPU
		{83736359-C68C-47ED-8E1C-20E5CE062BA7}.Debug|Any CPU.Build.0 = Debug|Any CPU
		{83736359-C68C-47ED-8E1C-20E5CE062BA7}.Release|Any CPU.ActiveCfg = Release|Any CPU
		{83736359-C68C-47ED-8E1C-20E5CE062BA7}.Release|Any CPU.Build.0 = Release|Any CPU
	EndGlobalSection
	GlobalSection(SolutionProperties) = preSolution
		HideSolutionNode = FALSE
	EndGlobalSection
	GlobalSection(ExtensibilityGlobals) = postSolution
		SolutionGuid = {1C94F9EC-472C-4EB3-BD3C-0E8CB9F91CE5}
	EndGlobalSection
EndGlobal
